// !$*UTF8*$!
{
	archiveVersion = 1;
	classes = {
	};
	objectVersion = 56;
	objects = {

/* Begin PBXBuildFile section */
		376A183E2A72717E008CBFE7 /* AppDelegate.swift in Sources */ = {isa = PBXBuildFile; fileRef = 376A183D2A72717E008CBFE7 /* AppDelegate.swift */; };
		376A18402A72717E008CBFE7 /* SceneDelegate.swift in Sources */ = {isa = PBXBuildFile; fileRef = 376A183F2A72717E008CBFE7 /* SceneDelegate.swift */; };
		376A18422A72717E008CBFE7 /* TrackersViewController.swift in Sources */ = {isa = PBXBuildFile; fileRef = 376A18412A72717E008CBFE7 /* TrackersViewController.swift */; };
		376A18472A727180008CBFE7 /* Assets.xcassets in Resources */ = {isa = PBXBuildFile; fileRef = 376A18462A727180008CBFE7 /* Assets.xcassets */; };
		376A184A2A727180008CBFE7 /* LaunchScreen.storyboard in Resources */ = {isa = PBXBuildFile; fileRef = 376A18482A727180008CBFE7 /* LaunchScreen.storyboard */; };
		378278132AB853690052026A /* AnalyticsService.swift in Sources */ = {isa = PBXBuildFile; fileRef = 378278122AB853680052026A /* AnalyticsService.swift */; };
		37A795EE2A77DA500015CE16 /* TapBarViewController.swift in Sources */ = {isa = PBXBuildFile; fileRef = 37A795ED2A77DA500015CE16 /* TapBarViewController.swift */; };
		37A795F02A77DA680015CE16 /* StatisticsViewController.swift in Sources */ = {isa = PBXBuildFile; fileRef = 37A795EF2A77DA680015CE16 /* StatisticsViewController.swift */; };
		37A795F32A77DBAE0015CE16 /* Colors+Extension.swift in Sources */ = {isa = PBXBuildFile; fileRef = 37A795F22A77DBAE0015CE16 /* Colors+Extension.swift */; };
		37A795F52A77E4A40015CE16 /* Emoji.swift in Sources */ = {isa = PBXBuildFile; fileRef = 37A795F42A77E4A40015CE16 /* Emoji.swift */; };
		37A795F72A7A60090015CE16 /* SetTrackersViewController.swift in Sources */ = {isa = PBXBuildFile; fileRef = 37A795F62A7A60090015CE16 /* SetTrackersViewController.swift */; };
		37A795FC2A7A6A820015CE16 /* Tracker.swift in Sources */ = {isa = PBXBuildFile; fileRef = 37A795FB2A7A6A820015CE16 /* Tracker.swift */; };
		37A795FE2A7A6A970015CE16 /* TrackerCategory.swift in Sources */ = {isa = PBXBuildFile; fileRef = 37A795FD2A7A6A970015CE16 /* TrackerCategory.swift */; };
		37A796012A7A6ACA0015CE16 /* TrackerRecord.swift in Sources */ = {isa = PBXBuildFile; fileRef = 37A796002A7A6ACA0015CE16 /* TrackerRecord.swift */; };
		37A796032A7A6AD50015CE16 /* WeekDay.swift in Sources */ = {isa = PBXBuildFile; fileRef = 37A796022A7A6AD50015CE16 /* WeekDay.swift */; };
		37A796072A7A6D760015CE16 /* TrackerCell.swift in Sources */ = {isa = PBXBuildFile; fileRef = 37A796062A7A6D760015CE16 /* TrackerCell.swift */; };
		37A796092A7A6D890015CE16 /* TrackerCategoryNames.swift in Sources */ = {isa = PBXBuildFile; fileRef = 37A796082A7A6D890015CE16 /* TrackerCategoryNames.swift */; };
		37A7960E2A7A71900015CE16 /* UICollectionView+Extension.swift in Sources */ = {isa = PBXBuildFile; fileRef = 37A7960D2A7A71900015CE16 /* UICollectionView+Extension.swift */; };
		37B552782AA3324D0006E3B0 /* OnboardingViewController.swift in Sources */ = {isa = PBXBuildFile; fileRef = 37B552772AA3324D0006E3B0 /* OnboardingViewController.swift */; };
		37B5527A2AA332C10006E3B0 /* OnboardingPageViewController.swift in Sources */ = {isa = PBXBuildFile; fileRef = 37B552792AA332C10006E3B0 /* OnboardingPageViewController.swift */; };
		37B5527C2AA739CE0006E3B0 /* CategoriesViewModel.swift in Sources */ = {isa = PBXBuildFile; fileRef = 37B5527B2AA739CE0006E3B0 /* CategoriesViewModel.swift */; };
		37B5527E2AA73A6C0006E3B0 /* CategoryCell.swift in Sources */ = {isa = PBXBuildFile; fileRef = 37B5527D2AA73A6C0006E3B0 /* CategoryCell.swift */; };
		37B552802AA73C420006E3B0 /* CategoriesViewController.swift in Sources */ = {isa = PBXBuildFile; fileRef = 37B5527F2AA73C420006E3B0 /* CategoriesViewController.swift */; };
		37B552822AA786C10006E3B0 /* CategoryFormViewController.swift in Sources */ = {isa = PBXBuildFile; fileRef = 37B552812AA786C10006E3B0 /* CategoryFormViewController.swift */; };
		37B552D82AAC73270006E3B0 /* InfoPlist.strings in Resources */ = {isa = PBXBuildFile; fileRef = 37B552DA2AAC73270006E3B0 /* InfoPlist.strings */; };
		37B552DB2AAC73290006E3B0 /* Localizable.stringsdict in Resources */ = {isa = PBXBuildFile; fileRef = 37B552DD2AAC73290006E3B0 /* Localizable.stringsdict */; };
		37B552DE2AAC732C0006E3B0 /* Localizable.strings in Resources */ = {isa = PBXBuildFile; fileRef = 37B552E02AAC732C0006E3B0 /* Localizable.strings */; };
		37B552E52AB5B9560006E3B0 /* StatisticViewModel.swift in Sources */ = {isa = PBXBuildFile; fileRef = 37B552E42AB5B9560006E3B0 /* StatisticViewModel.swift */; };
		37B552E82AB5BB0A0006E3B0 /* StatisticView.swift in Sources */ = {isa = PBXBuildFile; fileRef = 37B552E72AB5BB0A0006E3B0 /* StatisticView.swift */; };
		37DD6FB62A7CEA4D00258601 /* UILabel+Extension.swift in Sources */ = {isa = PBXBuildFile; fileRef = 37DD6FB52A7CEA4D00258601 /* UILabel+Extension.swift */; };
		37DD6FB82A7CEAA500258601 /* UIStackView+Extension.swift in Sources */ = {isa = PBXBuildFile; fileRef = 37DD6FB72A7CEAA500258601 /* UIStackView+Extension.swift */; };
		37DD6FBB2A7CF40F00258601 /* Date Int+Extension.swift in Sources */ = {isa = PBXBuildFile; fileRef = 37DD6FBA2A7CF40F00258601 /* Date Int+Extension.swift */; };
		37DD6FBD2A80DD5000258601 /* WeekdayCell.swift in Sources */ = {isa = PBXBuildFile; fileRef = 37DD6FBC2A80DD5000258601 /* WeekdayCell.swift */; };
		37DD6FBF2A80DE0F00258601 /* ListOfItems.swift in Sources */ = {isa = PBXBuildFile; fileRef = 37DD6FBE2A80DE0F00258601 /* ListOfItems.swift */; };
		37DD6FC12A80DF1600258601 /* ScheduleViewController.swift in Sources */ = {isa = PBXBuildFile; fileRef = 37DD6FC02A80DF1600258601 /* ScheduleViewController.swift */; };
		37DD6FC32A80DF8F00258601 /* ListCell.swift in Sources */ = {isa = PBXBuildFile; fileRef = 37DD6FC22A80DF8F00258601 /* ListCell.swift */; };
		37DD6FC52A80DFFA00258601 /* TrackerTextField.swift in Sources */ = {isa = PBXBuildFile; fileRef = 37DD6FC42A80DFFA00258601 /* TrackerTextField.swift */; };
		37DD6FC72A80E03200258601 /* TrackerFormViewController.swift in Sources */ = {isa = PBXBuildFile; fileRef = 37DD6FC62A80E03200258601 /* TrackerFormViewController.swift */; };
		37EBD87C2A8CCD24005DE684 /* Model.xcdatamodeld in Sources */ = {isa = PBXBuildFile; fileRef = 37EBD87A2A8CCD24005DE684 /* Model.xcdatamodeld */; };
		37EBD87E2A8CCE44005DE684 /* EmojiCell.swift in Sources */ = {isa = PBXBuildFile; fileRef = 37EBD87D2A8CCE44005DE684 /* EmojiCell.swift */; };
		37EBD8802A8CD4D7005DE684 /* ColorCell.swift in Sources */ = {isa = PBXBuildFile; fileRef = 37EBD87F2A8CD4D7005DE684 /* ColorCell.swift */; };
		37EBD8822A937E48005DE684 /* TrackerStore.swift in Sources */ = {isa = PBXBuildFile; fileRef = 37EBD8812A937E48005DE684 /* TrackerStore.swift */; };
		37EBD8842A937E55005DE684 /* TrackerCategoryStore.swift in Sources */ = {isa = PBXBuildFile; fileRef = 37EBD8832A937E55005DE684 /* TrackerCategoryStore.swift */; };
		37EBD8862A937E64005DE684 /* TrackerRecordStore.swift in Sources */ = {isa = PBXBuildFile; fileRef = 37EBD8852A937E64005DE684 /* TrackerRecordStore.swift */; };
		37EBD8882A937EB9005DE684 /* UIColorMarshalling.swift in Sources */ = {isa = PBXBuildFile; fileRef = 37EBD8872A937EB9005DE684 /* UIColorMarshalling.swift */; };
		83538A66E1527CC3272C2B7C /* Pods_Tracker.framework in Frameworks */ = {isa = PBXBuildFile; fileRef = EA96AEB94FCCFD8142DD6D22 /* Pods_Tracker.framework */; };
/* End PBXBuildFile section */

/* Begin PBXFileReference section */
		376A183A2A72717E008CBFE7 /* Tracker.app */ = {isa = PBXFileReference; explicitFileType = wrapper.application; includeInIndex = 0; path = Tracker.app; sourceTree = BUILT_PRODUCTS_DIR; };
		376A183D2A72717E008CBFE7 /* AppDelegate.swift */ = {isa = PBXFileReference; lastKnownFileType = sourcecode.swift; path = AppDelegate.swift; sourceTree = "<group>"; };
		376A183F2A72717E008CBFE7 /* SceneDelegate.swift */ = {isa = PBXFileReference; lastKnownFileType = sourcecode.swift; path = SceneDelegate.swift; sourceTree = "<group>"; };
		376A18412A72717E008CBFE7 /* TrackersViewController.swift */ = {isa = PBXFileReference; lastKnownFileType = sourcecode.swift; path = TrackersViewController.swift; sourceTree = "<group>"; };
		376A18462A727180008CBFE7 /* Assets.xcassets */ = {isa = PBXFileReference; lastKnownFileType = folder.assetcatalog; path = Assets.xcassets; sourceTree = "<group>"; };
		376A18492A727180008CBFE7 /* Base */ = {isa = PBXFileReference; lastKnownFileType = file.storyboard; name = Base; path = Base.lproj/LaunchScreen.storyboard; sourceTree = "<group>"; };
		376A184B2A727180008CBFE7 /* Info.plist */ = {isa = PBXFileReference; lastKnownFileType = text.plist.xml; path = Info.plist; sourceTree = "<group>"; };
		378278122AB853680052026A /* AnalyticsService.swift */ = {isa = PBXFileReference; lastKnownFileType = sourcecode.swift; path = AnalyticsService.swift; sourceTree = "<group>"; };
		37A795ED2A77DA500015CE16 /* TapBarViewController.swift */ = {isa = PBXFileReference; lastKnownFileType = sourcecode.swift; path = TapBarViewController.swift; sourceTree = "<group>"; };
		37A795EF2A77DA680015CE16 /* StatisticsViewController.swift */ = {isa = PBXFileReference; lastKnownFileType = sourcecode.swift; path = StatisticsViewController.swift; sourceTree = "<group>"; };
		37A795F22A77DBAE0015CE16 /* Colors+Extension.swift */ = {isa = PBXFileReference; lastKnownFileType = sourcecode.swift; path = "Colors+Extension.swift"; sourceTree = "<group>"; };
		37A795F42A77E4A40015CE16 /* Emoji.swift */ = {isa = PBXFileReference; lastKnownFileType = sourcecode.swift; path = Emoji.swift; sourceTree = "<group>"; };
		37A795F62A7A60090015CE16 /* SetTrackersViewController.swift */ = {isa = PBXFileReference; lastKnownFileType = sourcecode.swift; path = SetTrackersViewController.swift; sourceTree = "<group>"; };
		37A795FB2A7A6A820015CE16 /* Tracker.swift */ = {isa = PBXFileReference; lastKnownFileType = sourcecode.swift; path = Tracker.swift; sourceTree = "<group>"; };
		37A795FD2A7A6A970015CE16 /* TrackerCategory.swift */ = {isa = PBXFileReference; lastKnownFileType = sourcecode.swift; path = TrackerCategory.swift; sourceTree = "<group>"; };
		37A796002A7A6ACA0015CE16 /* TrackerRecord.swift */ = {isa = PBXFileReference; lastKnownFileType = sourcecode.swift; path = TrackerRecord.swift; sourceTree = "<group>"; };
		37A796022A7A6AD50015CE16 /* WeekDay.swift */ = {isa = PBXFileReference; lastKnownFileType = sourcecode.swift; path = WeekDay.swift; sourceTree = "<group>"; };
		37A796062A7A6D760015CE16 /* TrackerCell.swift */ = {isa = PBXFileReference; lastKnownFileType = sourcecode.swift; path = TrackerCell.swift; sourceTree = "<group>"; };
		37A796082A7A6D890015CE16 /* TrackerCategoryNames.swift */ = {isa = PBXFileReference; lastKnownFileType = sourcecode.swift; path = TrackerCategoryNames.swift; sourceTree = "<group>"; };
		37A7960D2A7A71900015CE16 /* UICollectionView+Extension.swift */ = {isa = PBXFileReference; lastKnownFileType = sourcecode.swift; path = "UICollectionView+Extension.swift"; sourceTree = "<group>"; };
		37B552772AA3324D0006E3B0 /* OnboardingViewController.swift */ = {isa = PBXFileReference; lastKnownFileType = sourcecode.swift; path = OnboardingViewController.swift; sourceTree = "<group>"; };
		37B552792AA332C10006E3B0 /* OnboardingPageViewController.swift */ = {isa = PBXFileReference; lastKnownFileType = sourcecode.swift; path = OnboardingPageViewController.swift; sourceTree = "<group>"; };
		37B5527B2AA739CE0006E3B0 /* CategoriesViewModel.swift */ = {isa = PBXFileReference; lastKnownFileType = sourcecode.swift; path = CategoriesViewModel.swift; sourceTree = "<group>"; };
		37B5527D2AA73A6C0006E3B0 /* CategoryCell.swift */ = {isa = PBXFileReference; lastKnownFileType = sourcecode.swift; path = CategoryCell.swift; sourceTree = "<group>"; };
		37B5527F2AA73C420006E3B0 /* CategoriesViewController.swift */ = {isa = PBXFileReference; lastKnownFileType = sourcecode.swift; path = CategoriesViewController.swift; sourceTree = "<group>"; };
		37B552812AA786C10006E3B0 /* CategoryFormViewController.swift */ = {isa = PBXFileReference; lastKnownFileType = sourcecode.swift; path = CategoryFormViewController.swift; sourceTree = "<group>"; };
		37B552D92AAC73270006E3B0 /* en */ = {isa = PBXFileReference; lastKnownFileType = text.plist.strings; name = en; path = en.lproj/InfoPlist.strings; sourceTree = "<group>"; };
		37B552DC2AAC73290006E3B0 /* en */ = {isa = PBXFileReference; lastKnownFileType = text.plist.stringsdict; name = en; path = en.lproj/Localizable.stringsdict; sourceTree = "<group>"; };
		37B552DF2AAC732C0006E3B0 /* en */ = {isa = PBXFileReference; lastKnownFileType = text.plist.strings; name = en; path = en.lproj/Localizable.strings; sourceTree = "<group>"; };
		37B552E12AAC733C0006E3B0 /* ru */ = {isa = PBXFileReference; lastKnownFileType = text.plist.strings; name = ru; path = ru.lproj/Localizable.strings; sourceTree = "<group>"; };
		37B552E22AAC733C0006E3B0 /* ru */ = {isa = PBXFileReference; lastKnownFileType = text.plist.stringsdict; name = ru; path = ru.lproj/Localizable.stringsdict; sourceTree = "<group>"; };
		37B552E32AAC733C0006E3B0 /* ru */ = {isa = PBXFileReference; lastKnownFileType = text.plist.strings; name = ru; path = ru.lproj/InfoPlist.strings; sourceTree = "<group>"; };
		37B552E42AB5B9560006E3B0 /* StatisticViewModel.swift */ = {isa = PBXFileReference; lastKnownFileType = sourcecode.swift; path = StatisticViewModel.swift; sourceTree = "<group>"; };
		37B552E72AB5BB0A0006E3B0 /* StatisticView.swift */ = {isa = PBXFileReference; lastKnownFileType = sourcecode.swift; path = StatisticView.swift; sourceTree = "<group>"; };
		37DD6FB52A7CEA4D00258601 /* UILabel+Extension.swift */ = {isa = PBXFileReference; lastKnownFileType = sourcecode.swift; path = "UILabel+Extension.swift"; sourceTree = "<group>"; };
		37DD6FB72A7CEAA500258601 /* UIStackView+Extension.swift */ = {isa = PBXFileReference; lastKnownFileType = sourcecode.swift; path = "UIStackView+Extension.swift"; sourceTree = "<group>"; };
		37DD6FBA2A7CF40F00258601 /* Date Int+Extension.swift */ = {isa = PBXFileReference; lastKnownFileType = sourcecode.swift; path = "Date Int+Extension.swift"; sourceTree = "<group>"; };
		37DD6FBC2A80DD5000258601 /* WeekdayCell.swift */ = {isa = PBXFileReference; lastKnownFileType = sourcecode.swift; path = WeekdayCell.swift; sourceTree = "<group>"; };
		37DD6FBE2A80DE0F00258601 /* ListOfItems.swift */ = {isa = PBXFileReference; lastKnownFileType = sourcecode.swift; path = ListOfItems.swift; sourceTree = "<group>"; };
		37DD6FC02A80DF1600258601 /* ScheduleViewController.swift */ = {isa = PBXFileReference; lastKnownFileType = sourcecode.swift; path = ScheduleViewController.swift; sourceTree = "<group>"; };
		37DD6FC22A80DF8F00258601 /* ListCell.swift */ = {isa = PBXFileReference; lastKnownFileType = sourcecode.swift; path = ListCell.swift; sourceTree = "<group>"; };
		37DD6FC42A80DFFA00258601 /* TrackerTextField.swift */ = {isa = PBXFileReference; lastKnownFileType = sourcecode.swift; path = TrackerTextField.swift; sourceTree = "<group>"; };
		37DD6FC62A80E03200258601 /* TrackerFormViewController.swift */ = {isa = PBXFileReference; lastKnownFileType = sourcecode.swift; path = TrackerFormViewController.swift; sourceTree = "<group>"; };
		37EBD87B2A8CCD24005DE684 /* Model.xcdatamodel */ = {isa = PBXFileReference; lastKnownFileType = wrapper.xcdatamodel; path = Model.xcdatamodel; sourceTree = "<group>"; };
		37EBD87D2A8CCE44005DE684 /* EmojiCell.swift */ = {isa = PBXFileReference; lastKnownFileType = sourcecode.swift; path = EmojiCell.swift; sourceTree = "<group>"; };
		37EBD87F2A8CD4D7005DE684 /* ColorCell.swift */ = {isa = PBXFileReference; lastKnownFileType = sourcecode.swift; path = ColorCell.swift; sourceTree = "<group>"; };
		37EBD8812A937E48005DE684 /* TrackerStore.swift */ = {isa = PBXFileReference; lastKnownFileType = sourcecode.swift; path = TrackerStore.swift; sourceTree = "<group>"; };
		37EBD8832A937E55005DE684 /* TrackerCategoryStore.swift */ = {isa = PBXFileReference; lastKnownFileType = sourcecode.swift; path = TrackerCategoryStore.swift; sourceTree = "<group>"; };
		37EBD8852A937E64005DE684 /* TrackerRecordStore.swift */ = {isa = PBXFileReference; lastKnownFileType = sourcecode.swift; path = TrackerRecordStore.swift; sourceTree = "<group>"; };
		37EBD8872A937EB9005DE684 /* UIColorMarshalling.swift */ = {isa = PBXFileReference; lastKnownFileType = sourcecode.swift; path = UIColorMarshalling.swift; sourceTree = "<group>"; };
		8DD0BBD218FD9B7437D97306 /* Pods-Tracker.release.xcconfig */ = {isa = PBXFileReference; includeInIndex = 1; lastKnownFileType = text.xcconfig; name = "Pods-Tracker.release.xcconfig"; path = "Target Support Files/Pods-Tracker/Pods-Tracker.release.xcconfig"; sourceTree = "<group>"; };
		DCBDE2FED8F4116108AE64D0 /* Pods-Tracker.debug.xcconfig */ = {isa = PBXFileReference; includeInIndex = 1; lastKnownFileType = text.xcconfig; name = "Pods-Tracker.debug.xcconfig"; path = "Target Support Files/Pods-Tracker/Pods-Tracker.debug.xcconfig"; sourceTree = "<group>"; };
		EA96AEB94FCCFD8142DD6D22 /* Pods_Tracker.framework */ = {isa = PBXFileReference; explicitFileType = wrapper.framework; includeInIndex = 0; path = Pods_Tracker.framework; sourceTree = BUILT_PRODUCTS_DIR; };
/* End PBXFileReference section */

/* Begin PBXFrameworksBuildPhase section */
		376A18372A72717E008CBFE7 /* Frameworks */ = {
			isa = PBXFrameworksBuildPhase;
			buildActionMask = 2147483647;
			files = (
				83538A66E1527CC3272C2B7C /* Pods_Tracker.framework in Frameworks */,
			);
			runOnlyForDeploymentPostprocessing = 0;
		};
/* End PBXFrameworksBuildPhase section */

/* Begin PBXGroup section */
		291890D792D97A184BD6BB37 /* Frameworks */ = {
			isa = PBXGroup;
			children = (
				EA96AEB94FCCFD8142DD6D22 /* Pods_Tracker.framework */,
			);
			name = Frameworks;
			sourceTree = "<group>";
		};
		376A18312A72717E008CBFE7 = {
			isa = PBXGroup;
			children = (
				376A183C2A72717E008CBFE7 /* Tracker */,
				376A183B2A72717E008CBFE7 /* Products */,
				3D164B4424A44B97C8C0A810 /* Pods */,
				291890D792D97A184BD6BB37 /* Frameworks */,
			);
			sourceTree = "<group>";
		};
		376A183B2A72717E008CBFE7 /* Products */ = {
			isa = PBXGroup;
			children = (
				376A183A2A72717E008CBFE7 /* Tracker.app */,
			);
			name = Products;
			sourceTree = "<group>";
		};
		376A183C2A72717E008CBFE7 /* Tracker */ = {
			isa = PBXGroup;
			children = (
				37B552D12AAC72F70006E3B0 /* Resource */,
				37A795EC2A77DA160015CE16 /* ViewControllers */,
				37EBD8792A8CCD0D005DE684 /* CoreData */,
				37A795FF2A7A6A9E0015CE16 /* UIHelpers */,
				37A796052A7A6D120015CE16 /* Tracker */,
				37A796042A7A6CF70015CE16 /*  Cells */,
				376A18512A727598008CBFE7 /* Helpers */,
				37A7960A2A7A70BF0015CE16 /* Extension */,
				376A183D2A72717E008CBFE7 /* AppDelegate.swift */,
				376A183F2A72717E008CBFE7 /* SceneDelegate.swift */,
				376A184B2A727180008CBFE7 /* Info.plist */,
			);
			path = Tracker;
			sourceTree = "<group>";
		};
		376A18512A727598008CBFE7 /* Helpers */ = {
			isa = PBXGroup;
			children = (
				376A18462A727180008CBFE7 /* Assets.xcassets */,
				376A18482A727180008CBFE7 /* LaunchScreen.storyboard */,
				37A795F42A77E4A40015CE16 /* Emoji.swift */,
				378278122AB853680052026A /* AnalyticsService.swift */,
			);
			path = Helpers;
			sourceTree = "<group>";
		};
		37A795EC2A77DA160015CE16 /* ViewControllers */ = {
			isa = PBXGroup;
			children = (
				37A795ED2A77DA500015CE16 /* TapBarViewController.swift */,
				376A18412A72717E008CBFE7 /* TrackersViewController.swift */,
				37A795EF2A77DA680015CE16 /* StatisticsViewController.swift */,
				37A795F62A7A60090015CE16 /* SetTrackersViewController.swift */,
				37DD6FC02A80DF1600258601 /* ScheduleViewController.swift */,
				37DD6FC62A80E03200258601 /* TrackerFormViewController.swift */,
				37B552772AA3324D0006E3B0 /* OnboardingViewController.swift */,
				37B552792AA332C10006E3B0 /* OnboardingPageViewController.swift */,
				37B5527B2AA739CE0006E3B0 /* CategoriesViewModel.swift */,
				37B5527F2AA73C420006E3B0 /* CategoriesViewController.swift */,
				37B552812AA786C10006E3B0 /* CategoryFormViewController.swift */,
				37B552E42AB5B9560006E3B0 /* StatisticViewModel.swift */,
			);
			path = ViewControllers;
			sourceTree = "<group>";
		};
		37A795FF2A7A6A9E0015CE16 /* UIHelpers */ = {
			isa = PBXGroup;
			children = (
				37A795FB2A7A6A820015CE16 /* Tracker.swift */,
				37A795FD2A7A6A970015CE16 /* TrackerCategory.swift */,
				37A796002A7A6ACA0015CE16 /* TrackerRecord.swift */,
				37A796022A7A6AD50015CE16 /* WeekDay.swift */,
				37DD6FBE2A80DE0F00258601 /* ListOfItems.swift */,
			);
			path = UIHelpers;
			sourceTree = "<group>";
		};
		37A796042A7A6CF70015CE16 /*  Cells */ = {
			isa = PBXGroup;
			children = (
				37A796062A7A6D760015CE16 /* TrackerCell.swift */,
				37DD6FBC2A80DD5000258601 /* WeekdayCell.swift */,
				37DD6FC22A80DF8F00258601 /* ListCell.swift */,
				37EBD87D2A8CCE44005DE684 /* EmojiCell.swift */,
				37EBD87F2A8CD4D7005DE684 /* ColorCell.swift */,
				37B5527D2AA73A6C0006E3B0 /* CategoryCell.swift */,
				37B552E72AB5BB0A0006E3B0 /* StatisticView.swift */,
			);
			path = " Cells";
			sourceTree = "<group>";
		};
		37A796052A7A6D120015CE16 /* Tracker */ = {
			isa = PBXGroup;
			children = (
				37A796082A7A6D890015CE16 /* TrackerCategoryNames.swift */,
				37DD6FC42A80DFFA00258601 /* TrackerTextField.swift */,
			);
			path = Tracker;
			sourceTree = "<group>";
		};
		37A7960A2A7A70BF0015CE16 /* Extension */ = {
			isa = PBXGroup;
			children = (
				37A795F22A77DBAE0015CE16 /* Colors+Extension.swift */,
				37A7960D2A7A71900015CE16 /* UICollectionView+Extension.swift */,
				37DD6FB52A7CEA4D00258601 /* UILabel+Extension.swift */,
				37DD6FB72A7CEAA500258601 /* UIStackView+Extension.swift */,
				37DD6FBA2A7CF40F00258601 /* Date Int+Extension.swift */,
			);
			path = Extension;
			sourceTree = "<group>";
		};
		37B552D12AAC72F70006E3B0 /* Resource */ = {
			isa = PBXGroup;
			children = (
				37B552E02AAC732C0006E3B0 /* Localizable.strings */,
				37B552DD2AAC73290006E3B0 /* Localizable.stringsdict */,
				37B552DA2AAC73270006E3B0 /* InfoPlist.strings */,
			);
			path = Resource;
			sourceTree = "<group>";
		};
		37EBD8792A8CCD0D005DE684 /* CoreData */ = {
			isa = PBXGroup;
			children = (
				37EBD87A2A8CCD24005DE684 /* Model.xcdatamodeld */,
				37EBD8812A937E48005DE684 /* TrackerStore.swift */,
				37EBD8832A937E55005DE684 /* TrackerCategoryStore.swift */,
				37EBD8852A937E64005DE684 /* TrackerRecordStore.swift */,
				37EBD8872A937EB9005DE684 /* UIColorMarshalling.swift */,
			);
			name = CoreData;
			path = ViewControllers/CoreData;
			sourceTree = "<group>";
		};
		3D164B4424A44B97C8C0A810 /* Pods */ = {
			isa = PBXGroup;
			children = (
				DCBDE2FED8F4116108AE64D0 /* Pods-Tracker.debug.xcconfig */,
				8DD0BBD218FD9B7437D97306 /* Pods-Tracker.release.xcconfig */,
			);
			path = Pods;
			sourceTree = "<group>";
		};
/* End PBXGroup section */

/* Begin PBXNativeTarget section */
		376A18392A72717E008CBFE7 /* Tracker */ = {
			isa = PBXNativeTarget;
			buildConfigurationList = 376A184E2A727180008CBFE7 /* Build configuration list for PBXNativeTarget "Tracker" */;
			buildPhases = (
				EC273254263DBE7D97F19CB9 /* [CP] Check Pods Manifest.lock */,
				376A18362A72717E008CBFE7 /* Sources */,
				376A18372A72717E008CBFE7 /* Frameworks */,
				376A18382A72717E008CBFE7 /* Resources */,
				3B89280210D03B7547195B79 /* [CP] Embed Pods Frameworks */,
			);
			buildRules = (
			);
			dependencies = (
			);
			name = Tracker;
			productName = Tracker;
			productReference = 376A183A2A72717E008CBFE7 /* Tracker.app */;
			productType = "com.apple.product-type.application";
		};
/* End PBXNativeTarget section */

/* Begin PBXProject section */
		376A18322A72717E008CBFE7 /* Project object */ = {
			isa = PBXProject;
			attributes = {
				BuildIndependentTargetsInParallel = 1;
				LastSwiftUpdateCheck = 1430;
				LastUpgradeCheck = 1430;
				TargetAttributes = {
					376A18392A72717E008CBFE7 = {
						CreatedOnToolsVersion = 14.3.1;
					};
				};
			};
			buildConfigurationList = 376A18352A72717E008CBFE7 /* Build configuration list for PBXProject "Tracker" */;
			compatibilityVersion = "Xcode 14.0";
			developmentRegion = en;
			hasScannedForEncodings = 0;
			knownRegions = (
				en,
				Base,
				ru,
			);
			mainGroup = 376A18312A72717E008CBFE7;
			productRefGroup = 376A183B2A72717E008CBFE7 /* Products */;
			projectDirPath = "";
			projectRoot = "";
			targets = (
				376A18392A72717E008CBFE7 /* Tracker */,
			);
		};
/* End PBXProject section */

/* Begin PBXResourcesBuildPhase section */
		376A18382A72717E008CBFE7 /* Resources */ = {
			isa = PBXResourcesBuildPhase;
			buildActionMask = 2147483647;
			files = (
				376A184A2A727180008CBFE7 /* LaunchScreen.storyboard in Resources */,
				37B552DB2AAC73290006E3B0 /* Localizable.stringsdict in Resources */,
				37B552DE2AAC732C0006E3B0 /* Localizable.strings in Resources */,
				376A18472A727180008CBFE7 /* Assets.xcassets in Resources */,
				37B552D82AAC73270006E3B0 /* InfoPlist.strings in Resources */,
			);
			runOnlyForDeploymentPostprocessing = 0;
		};
/* End PBXResourcesBuildPhase section */

/* Begin PBXShellScriptBuildPhase section */
		3B89280210D03B7547195B79 /* [CP] Embed Pods Frameworks */ = {
			isa = PBXShellScriptBuildPhase;
			buildActionMask = 2147483647;
			files = (
			);
			inputFileListPaths = (
				"${PODS_ROOT}/Target Support Files/Pods-Tracker/Pods-Tracker-frameworks-${CONFIGURATION}-input-files.xcfilelist",
			);
			name = "[CP] Embed Pods Frameworks";
			outputFileListPaths = (
				"${PODS_ROOT}/Target Support Files/Pods-Tracker/Pods-Tracker-frameworks-${CONFIGURATION}-output-files.xcfilelist",
			);
			runOnlyForDeploymentPostprocessing = 0;
			shellPath = /bin/sh;
			shellScript = "\"${PODS_ROOT}/Target Support Files/Pods-Tracker/Pods-Tracker-frameworks.sh\"\n";
			showEnvVarsInLog = 0;
		};
		EC273254263DBE7D97F19CB9 /* [CP] Check Pods Manifest.lock */ = {
			isa = PBXShellScriptBuildPhase;
			buildActionMask = 2147483647;
			files = (
			);
			inputFileListPaths = (
			);
			inputPaths = (
				"${PODS_PODFILE_DIR_PATH}/Podfile.lock",
				"${PODS_ROOT}/Manifest.lock",
			);
			name = "[CP] Check Pods Manifest.lock";
			outputFileListPaths = (
			);
			outputPaths = (
				"$(DERIVED_FILE_DIR)/Pods-Tracker-checkManifestLockResult.txt",
			);
			runOnlyForDeploymentPostprocessing = 0;
			shellPath = /bin/sh;
			shellScript = "diff \"${PODS_PODFILE_DIR_PATH}/Podfile.lock\" \"${PODS_ROOT}/Manifest.lock\" > /dev/null\nif [ $? != 0 ] ; then\n    # print error to STDERR\n    echo \"error: The sandbox is not in sync with the Podfile.lock. Run 'pod install' or update your CocoaPods installation.\" >&2\n    exit 1\nfi\n# This output is used by Xcode 'outputs' to avoid re-running this script phase.\necho \"SUCCESS\" > \"${SCRIPT_OUTPUT_FILE_0}\"\n";
			showEnvVarsInLog = 0;
		};
/* End PBXShellScriptBuildPhase section */

/* Begin PBXSourcesBuildPhase section */
		376A18362A72717E008CBFE7 /* Sources */ = {
			isa = PBXSourcesBuildPhase;
			buildActionMask = 2147483647;
			files = (
				37A7960E2A7A71900015CE16 /* UICollectionView+Extension.swift in Sources */,
				37DD6FBF2A80DE0F00258601 /* ListOfItems.swift in Sources */,
				37B552802AA73C420006E3B0 /* CategoriesViewController.swift in Sources */,
				37EBD8882A937EB9005DE684 /* UIColorMarshalling.swift in Sources */,
				37DD6FBD2A80DD5000258601 /* WeekdayCell.swift in Sources */,
				37DD6FBB2A7CF40F00258601 /* Date Int+Extension.swift in Sources */,
				37EBD8822A937E48005DE684 /* TrackerStore.swift in Sources */,
				376A18422A72717E008CBFE7 /* TrackersViewController.swift in Sources */,
				37A795F02A77DA680015CE16 /* StatisticsViewController.swift in Sources */,
				37B552822AA786C10006E3B0 /* CategoryFormViewController.swift in Sources */,
				376A183E2A72717E008CBFE7 /* AppDelegate.swift in Sources */,
				37DD6FB82A7CEAA500258601 /* UIStackView+Extension.swift in Sources */,
				37B5527C2AA739CE0006E3B0 /* CategoriesViewModel.swift in Sources */,
				37B5527A2AA332C10006E3B0 /* OnboardingPageViewController.swift in Sources */,
				37DD6FC72A80E03200258601 /* TrackerFormViewController.swift in Sources */,
				37EBD8802A8CD4D7005DE684 /* ColorCell.swift in Sources */,
				37EBD87E2A8CCE44005DE684 /* EmojiCell.swift in Sources */,
				37B552E52AB5B9560006E3B0 /* StatisticViewModel.swift in Sources */,
				37DD6FC12A80DF1600258601 /* ScheduleViewController.swift in Sources */,
				37A796012A7A6ACA0015CE16 /* TrackerRecord.swift in Sources */,
				37EBD87C2A8CCD24005DE684 /* Model.xcdatamodeld in Sources */,
				37A795FC2A7A6A820015CE16 /* Tracker.swift in Sources */,
				37A796072A7A6D760015CE16 /* TrackerCell.swift in Sources */,
				37A795FE2A7A6A970015CE16 /* TrackerCategory.swift in Sources */,
				37DD6FC32A80DF8F00258601 /* ListCell.swift in Sources */,
				37A796032A7A6AD50015CE16 /* WeekDay.swift in Sources */,
				378278132AB853690052026A /* AnalyticsService.swift in Sources */,
				37A795F32A77DBAE0015CE16 /* Colors+Extension.swift in Sources */,
				37B5527E2AA73A6C0006E3B0 /* CategoryCell.swift in Sources */,
				37EBD8862A937E64005DE684 /* TrackerRecordStore.swift in Sources */,
				37DD6FB62A7CEA4D00258601 /* UILabel+Extension.swift in Sources */,
				37A795F72A7A60090015CE16 /* SetTrackersViewController.swift in Sources */,
				37A795F52A77E4A40015CE16 /* Emoji.swift in Sources */,
				37A796092A7A6D890015CE16 /* TrackerCategoryNames.swift in Sources */,
				37B552782AA3324D0006E3B0 /* OnboardingViewController.swift in Sources */,
				37B552E82AB5BB0A0006E3B0 /* StatisticView.swift in Sources */,
				37EBD8842A937E55005DE684 /* TrackerCategoryStore.swift in Sources */,
				37A795EE2A77DA500015CE16 /* TapBarViewController.swift in Sources */,
				37DD6FC52A80DFFA00258601 /* TrackerTextField.swift in Sources */,
				376A18402A72717E008CBFE7 /* SceneDelegate.swift in Sources */,
			);
			runOnlyForDeploymentPostprocessing = 0;
		};
/* End PBXSourcesBuildPhase section */

/* Begin PBXVariantGroup section */
		376A18482A727180008CBFE7 /* LaunchScreen.storyboard */ = {
			isa = PBXVariantGroup;
			children = (
				376A18492A727180008CBFE7 /* Base */,
			);
			name = LaunchScreen.storyboard;
			sourceTree = "<group>";
		};
		37B552DA2AAC73270006E3B0 /* InfoPlist.strings */ = {
			isa = PBXVariantGroup;
			children = (
				37B552D92AAC73270006E3B0 /* en */,
				37B552E32AAC733C0006E3B0 /* ru */,
			);
			name = InfoPlist.strings;
			sourceTree = "<group>";
		};
		37B552DD2AAC73290006E3B0 /* Localizable.stringsdict */ = {
			isa = PBXVariantGroup;
			children = (
				37B552DC2AAC73290006E3B0 /* en */,
				37B552E22AAC733C0006E3B0 /* ru */,
			);
			name = Localizable.stringsdict;
			sourceTree = "<group>";
		};
		37B552E02AAC732C0006E3B0 /* Localizable.strings */ = {
			isa = PBXVariantGroup;
			children = (
				37B552DF2AAC732C0006E3B0 /* en */,
				37B552E12AAC733C0006E3B0 /* ru */,
			);
			name = Localizable.strings;
			sourceTree = "<group>";
		};
/* End PBXVariantGroup section */

/* Begin XCBuildConfiguration section */
		376A184C2A727180008CBFE7 /* Debug */ = {
			isa = XCBuildConfiguration;
			buildSettings = {
				ALWAYS_SEARCH_USER_PATHS = NO;
				CLANG_ANALYZER_LOCALIZABILITY_NONLOCALIZED = YES;
				CLANG_ANALYZER_NONNULL = YES;
				CLANG_ANALYZER_NUMBER_OBJECT_CONVERSION = YES_AGGRESSIVE;
				CLANG_CXX_LANGUAGE_STANDARD = "gnu++20";
				CLANG_ENABLE_MODULES = YES;
				CLANG_ENABLE_OBJC_ARC = YES;
				CLANG_ENABLE_OBJC_WEAK = YES;
				CLANG_WARN_BLOCK_CAPTURE_AUTORELEASING = YES;
				CLANG_WARN_BOOL_CONVERSION = YES;
				CLANG_WARN_COMMA = YES;
				CLANG_WARN_CONSTANT_CONVERSION = YES;
				CLANG_WARN_DEPRECATED_OBJC_IMPLEMENTATIONS = YES;
				CLANG_WARN_DIRECT_OBJC_ISA_USAGE = YES_ERROR;
				CLANG_WARN_DOCUMENTATION_COMMENTS = YES;
				CLANG_WARN_EMPTY_BODY = YES;
				CLANG_WARN_ENUM_CONVERSION = YES;
				CLANG_WARN_INFINITE_RECURSION = YES;
				CLANG_WARN_INT_CONVERSION = YES;
				CLANG_WARN_NON_LITERAL_NULL_CONVERSION = YES;
				CLANG_WARN_OBJC_IMPLICIT_RETAIN_SELF = YES;
				CLANG_WARN_OBJC_LITERAL_CONVERSION = YES;
				CLANG_WARN_OBJC_ROOT_CLASS = YES_ERROR;
				CLANG_WARN_QUOTED_INCLUDE_IN_FRAMEWORK_HEADER = YES;
				CLANG_WARN_RANGE_LOOP_ANALYSIS = YES;
				CLANG_WARN_STRICT_PROTOTYPES = YES;
				CLANG_WARN_SUSPICIOUS_MOVE = YES;
				CLANG_WARN_UNGUARDED_AVAILABILITY = YES_AGGRESSIVE;
				CLANG_WARN_UNREACHABLE_CODE = YES;
				CLANG_WARN__DUPLICATE_METHOD_MATCH = YES;
				COPY_PHASE_STRIP = NO;
				DEBUG_INFORMATION_FORMAT = dwarf;
				ENABLE_STRICT_OBJC_MSGSEND = YES;
				ENABLE_TESTABILITY = YES;
				GCC_C_LANGUAGE_STANDARD = gnu11;
				GCC_DYNAMIC_NO_PIC = NO;
				GCC_NO_COMMON_BLOCKS = YES;
				GCC_OPTIMIZATION_LEVEL = 0;
				GCC_PREPROCESSOR_DEFINITIONS = (
					"DEBUG=1",
					"$(inherited)",
				);
				GCC_WARN_64_TO_32_BIT_CONVERSION = YES;
				GCC_WARN_ABOUT_RETURN_TYPE = YES_ERROR;
				GCC_WARN_UNDECLARED_SELECTOR = YES;
				GCC_WARN_UNINITIALIZED_AUTOS = YES_AGGRESSIVE;
				GCC_WARN_UNUSED_FUNCTION = YES;
				GCC_WARN_UNUSED_VARIABLE = YES;
				IPHONEOS_DEPLOYMENT_TARGET = 16.4;
				MTL_ENABLE_DEBUG_INFO = INCLUDE_SOURCE;
				MTL_FAST_MATH = YES;
				ONLY_ACTIVE_ARCH = YES;
				SDKROOT = iphoneos;
				SWIFT_ACTIVE_COMPILATION_CONDITIONS = DEBUG;
				SWIFT_OPTIMIZATION_LEVEL = "-Onone";
			};
			name = Debug;
		};
		376A184D2A727180008CBFE7 /* Release */ = {
			isa = XCBuildConfiguration;
			buildSettings = {
				ALWAYS_SEARCH_USER_PATHS = NO;
				CLANG_ANALYZER_LOCALIZABILITY_NONLOCALIZED = YES;
				CLANG_ANALYZER_NONNULL = YES;
				CLANG_ANALYZER_NUMBER_OBJECT_CONVERSION = YES_AGGRESSIVE;
				CLANG_CXX_LANGUAGE_STANDARD = "gnu++20";
				CLANG_ENABLE_MODULES = YES;
				CLANG_ENABLE_OBJC_ARC = YES;
				CLANG_ENABLE_OBJC_WEAK = YES;
				CLANG_WARN_BLOCK_CAPTURE_AUTORELEASING = YES;
				CLANG_WARN_BOOL_CONVERSION = YES;
				CLANG_WARN_COMMA = YES;
				CLANG_WARN_CONSTANT_CONVERSION = YES;
				CLANG_WARN_DEPRECATED_OBJC_IMPLEMENTATIONS = YES;
				CLANG_WARN_DIRECT_OBJC_ISA_USAGE = YES_ERROR;
				CLANG_WARN_DOCUMENTATION_COMMENTS = YES;
				CLANG_WARN_EMPTY_BODY = YES;
				CLANG_WARN_ENUM_CONVERSION = YES;
				CLANG_WARN_INFINITE_RECURSION = YES;
				CLANG_WARN_INT_CONVERSION = YES;
				CLANG_WARN_NON_LITERAL_NULL_CONVERSION = YES;
				CLANG_WARN_OBJC_IMPLICIT_RETAIN_SELF = YES;
				CLANG_WARN_OBJC_LITERAL_CONVERSION = YES;
				CLANG_WARN_OBJC_ROOT_CLASS = YES_ERROR;
				CLANG_WARN_QUOTED_INCLUDE_IN_FRAMEWORK_HEADER = YES;
				CLANG_WARN_RANGE_LOOP_ANALYSIS = YES;
				CLANG_WARN_STRICT_PROTOTYPES = YES;
				CLANG_WARN_SUSPICIOUS_MOVE = YES;
				CLANG_WARN_UNGUARDED_AVAILABILITY = YES_AGGRESSIVE;
				CLANG_WARN_UNREACHABLE_CODE = YES;
				CLANG_WARN__DUPLICATE_METHOD_MATCH = YES;
				COPY_PHASE_STRIP = NO;
				DEBUG_INFORMATION_FORMAT = "dwarf-with-dsym";
				ENABLE_NS_ASSERTIONS = NO;
				ENABLE_STRICT_OBJC_MSGSEND = YES;
				GCC_C_LANGUAGE_STANDARD = gnu11;
				GCC_NO_COMMON_BLOCKS = YES;
				GCC_WARN_64_TO_32_BIT_CONVERSION = YES;
				GCC_WARN_ABOUT_RETURN_TYPE = YES_ERROR;
				GCC_WARN_UNDECLARED_SELECTOR = YES;
				GCC_WARN_UNINITIALIZED_AUTOS = YES_AGGRESSIVE;
				GCC_WARN_UNUSED_FUNCTION = YES;
				GCC_WARN_UNUSED_VARIABLE = YES;
				IPHONEOS_DEPLOYMENT_TARGET = 16.4;
				MTL_ENABLE_DEBUG_INFO = NO;
				MTL_FAST_MATH = YES;
				SDKROOT = iphoneos;
				SWIFT_COMPILATION_MODE = wholemodule;
				SWIFT_OPTIMIZATION_LEVEL = "-O";
				VALIDATE_PRODUCT = YES;
			};
			name = Release;
		};
		376A184F2A727180008CBFE7 /* Debug */ = {
			isa = XCBuildConfiguration;
			baseConfigurationReference = DCBDE2FED8F4116108AE64D0 /* Pods-Tracker.debug.xcconfig */;
			buildSettings = {
				ASSETCATALOG_COMPILER_APPICON_NAME = AppIcon;
				ASSETCATALOG_COMPILER_GLOBAL_ACCENT_COLOR_NAME = AccentColor;
				CODE_SIGN_STYLE = Automatic;
				CURRENT_PROJECT_VERSION = 1;
				DEVELOPMENT_TEAM = HFUZRNK8D4;
				GENERATE_INFOPLIST_FILE = YES;
				INFOPLIST_FILE = Tracker/Info.plist;
				INFOPLIST_KEY_UIApplicationSupportsIndirectInputEvents = YES;
				INFOPLIST_KEY_UILaunchStoryboardName = LaunchScreen;
				INFOPLIST_KEY_UISupportedInterfaceOrientations = UIInterfaceOrientationPortrait;
				IPHONEOS_DEPLOYMENT_TARGET = 13.4;
				LD_RUNPATH_SEARCH_PATHS = (
					"$(inherited)",
					"@executable_path/Frameworks",
				);
				MARKETING_VERSION = 1.0;
				PRODUCT_BUNDLE_IDENTIFIER = "com.skoch33.Image-Feed.Tracker";
				PRODUCT_NAME = "$(TARGET_NAME)";
				SUPPORTED_PLATFORMS = "iphoneos iphonesimulator";
				SUPPORTS_MACCATALYST = NO;
				SUPPORTS_MAC_DESIGNED_FOR_IPHONE_IPAD = NO;
				SWIFT_EMIT_LOC_STRINGS = YES;
				SWIFT_VERSION = 5.0;
				TARGETED_DEVICE_FAMILY = 1;
			};
			name = Debug;
		};
		376A18502A727180008CBFE7 /* Release */ = {
			isa = XCBuildConfiguration;
			baseConfigurationReference = 8DD0BBD218FD9B7437D97306 /* Pods-Tracker.release.xcconfig */;
			buildSettings = {
				ASSETCATALOG_COMPILER_APPICON_NAME = AppIcon;
				ASSETCATALOG_COMPILER_GLOBAL_ACCENT_COLOR_NAME = AccentColor;
				CODE_SIGN_STYLE = Automatic;
				CURRENT_PROJECT_VERSION = 1;
				DEVELOPMENT_TEAM = HFUZRNK8D4;
				GENERATE_INFOPLIST_FILE = YES;
				INFOPLIST_FILE = Tracker/Info.plist;
				INFOPLIST_KEY_UIApplicationSupportsIndirectInputEvents = YES;
				INFOPLIST_KEY_UILaunchStoryboardName = LaunchScreen;
				INFOPLIST_KEY_UISupportedInterfaceOrientations = UIInterfaceOrientationPortrait;
				IPHONEOS_DEPLOYMENT_TARGET = 13.4;
				LD_RUNPATH_SEARCH_PATHS = (
					"$(inherited)",
					"@executable_path/Frameworks",
				);
				MARKETING_VERSION = 1.0;
				PRODUCT_BUNDLE_IDENTIFIER = "com.skoch33.Image-Feed.Tracker";
				PRODUCT_NAME = "$(TARGET_NAME)";
				SUPPORTED_PLATFORMS = "iphoneos iphonesimulator";
				SUPPORTS_MACCATALYST = NO;
				SUPPORTS_MAC_DESIGNED_FOR_IPHONE_IPAD = NO;
				SWIFT_EMIT_LOC_STRINGS = YES;
				SWIFT_VERSION = 5.0;
				TARGETED_DEVICE_FAMILY = 1;
			};
			name = Release;
		};
/* End XCBuildConfiguration section */

/* Begin XCConfigurationList section */
		376A18352A72717E008CBFE7 /* Build configuration list for PBXProject "Tracker" */ = {
			isa = XCConfigurationList;
			buildConfigurations = (
				376A184C2A727180008CBFE7 /* Debug */,
				376A184D2A727180008CBFE7 /* Release */,
			);
			defaultConfigurationIsVisible = 0;
			defaultConfigurationName = Release;
		};
		376A184E2A727180008CBFE7 /* Build configuration list for PBXNativeTarget "Tracker" */ = {
			isa = XCConfigurationList;
			buildConfigurations = (
				376A184F2A727180008CBFE7 /* Debug */,
				376A18502A727180008CBFE7 /* Release */,
			);
			defaultConfigurationIsVisible = 0;
			defaultConfigurationName = Release;
		};
/* End XCConfigurationList section */

/* Begin XCVersionGroup section */
		37EBD87A2A8CCD24005DE684 /* Model.xcdatamodeld */ = {
			isa = XCVersionGroup;
			children = (
				37EBD87B2A8CCD24005DE684 /* Model.xcdatamodel */,
			);
			currentVersion = 37EBD87B2A8CCD24005DE684 /* Model.xcdatamodel */;
			path = Model.xcdatamodeld;
			sourceTree = "<group>";
			versionGroupType = wrapper.xcdatamodel;
		};
/* End XCVersionGroup section */
	};
	rootObject = 376A18322A72717E008CBFE7 /* Project object */;
}
